Microsoft Visual Studio Solution File, Format Version 8.00
Project("{8BC9CEB8-8B4A-11D0-8D11-00A0C91BC942}") = "Uninstall FOX Password Safe", "Uninstall FOX Password Safe\Uninstall FOX Password Safe.vcproj", "{6715F790-3EE2-411F-8015-22D095ADCD15}"
	ProjectSection(ProjectDependencies) = postProject
	EndProjectSection
EndProject
Global
	GlobalSection(SourceCodeControl) = preSolution
		SccNumberOfProjects = 2
		SccLocalPath0 = .
		CanCheckoutShared = false
		SolutionUniqueID = {63B7F988-7565-406E-A2E5-167A271BAAFC}
		SccProjectUniqueName1 = Uninstall\u0020FOX\u0020Password\u0020Safe\\Uninstall\u0020FOX\u0020Password\u0020Safe.vcproj
		SccLocalPath1 = .
		CanCheckoutShared = false
		SccProjectFilePathRelativizedFromConnection1 = Uninstall\u0020FOX\u0020Password\u0020Safe\\
	EndGlobalSection
	GlobalSection(SolutionConfiguration) = preSolution
		Debug = Debug
		Release = Release
	EndGlobalSection
	GlobalSection(ProjectConfiguration) = postSolution
		{6715F790-3EE2-411F-8015-22D095ADCD15}.Debug.ActiveCfg = Debug|Win32
		{6715F790-3EE2-411F-8015-22D095ADCD15}.Debug.Build.0 = Debug|Win32
		{6715F790-3EE2-411F-8015-22D095ADCD15}.Release.ActiveCfg = Release|Win32
		{6715F790-3EE2-411F-8015-22D095ADCD15}.Release.Build.0 = Release|Win32
	EndGlobalSection
	GlobalSection(ExtensibilityGlobals) = postSolution
	EndGlobalSection
	GlobalSection(ExtensibilityAddIns) = postSolution
	EndGlobalSection
EndGlobal
