Microsoft Visual Studio Solution File, Format Version 8.00
Project("{54435603-DBB4-11D2-8724-00A0C9A8B90C}") = "SetupSpeechComponents", "SetupSpeechComponents.vdproj", "{6AEE0245-E729-4384-A8CF-19C06AFDD578}"
	ProjectSection(ProjectDependencies) = postProject
	EndProjectSection
EndProject
Global
	GlobalSection(SourceCodeControl) = preSolution
		SccNumberOfProjects = 2
		SccProjectName0 = \u0022$/Steve\u0020Foxover\u0020Software/ReadToMePlugin/SetupSpeechComponents/SetupSpeechComponents\u0022,\u0020WXCAAAAA
		SccLocalPath0 = ..\\..\\..\\..
		SccProvider0 = MSSCCI:Microsoft\u0020Visual\u0020SourceSafe
		CanCheckoutShared = false
		SccProjectFilePathRelativizedFromConnection0 = MyAppdev\\Steve\u0020Foxover\u0020Software\\Speech\\SetupSpeechComponents\\
		SolutionUniqueID = {B252816F-9AF1-4C0E-9C85-D2383E27AFA1}
		SccProjectUniqueName1 = SetupSpeechComponents.vdproj
		SccLocalPath1 = ..\\..\\..\\..
		CanCheckoutShared = false
		SccProjectFilePathRelativizedFromConnection1 = MyAppdev\\Steve\u0020Foxover\u0020Software\\Speech\\SetupSpeechComponents\\
	EndGlobalSection
	GlobalSection(SolutionConfiguration) = preSolution
		Debug = Debug
		Release = Release
	EndGlobalSection
	GlobalSection(ProjectConfiguration) = postSolution
		{6AEE0245-E729-4384-A8CF-19C06AFDD578}.Debug.ActiveCfg = Debug
		{6AEE0245-E729-4384-A8CF-19C06AFDD578}.Debug.Build.0 = Debug
		{6AEE0245-E729-4384-A8CF-19C06AFDD578}.Release.ActiveCfg = Release
		{6AEE0245-E729-4384-A8CF-19C06AFDD578}.Release.Build.0 = Release
	EndGlobalSection
	GlobalSection(ExtensibilityGlobals) = postSolution
	EndGlobalSection
	GlobalSection(ExtensibilityAddIns) = postSolution
	EndGlobalSection
EndGlobal
