<?xml version="1.0" encoding="utf-8"?>
<Project ToolsVersion="4.0" xmlns="http://schemas.microsoft.com/developer/msbuild/2003">
  <ItemGroup>
    <Filter Include="Source Files">
      <UniqueIdentifier>{4FC737F1-C7A5-4376-A066-2A32D752A2FF}</UniqueIdentifier>
      <Extensions>cpp;c;cxx;def;odl;idl;hpj;bat;asm;asmx</Extensions>
    </Filter>
    <Filter Include="Header Files">
      <UniqueIdentifier>{93995380-89BD-4b04-88EB-625FBE52EBFB}</UniqueIdentifier>
      <Extensions>h;hpp;hxx;hm;inl;inc;xsd</Extensions>
    </Filter>
    <Filter Include="Resource Files">
      <UniqueIdentifier>{67DA6AB6-F800-4c08-8B7A-83BB121AAD01}</UniqueIdentifier>
      <Extensions>rc;ico;cur;bmp;dlg;rc2;rct;bin;rgs;gif;jpg;jpeg;jpe;resx</Extensions>
    </Filter>
  </ItemGroup>
  <ItemGroup>
    <ClCompile Include="AskCloseOrHideDlg.cpp">
      <Filter>Source Files</Filter>
    </ClCompile>
    <ClCompile Include="BackupDlg.cpp">
      <Filter>Source Files</Filter>
    </ClCompile>
    <ClCompile Include="ChooseNewEntryTypeDlg.cpp">
      <Filter>Source Files</Filter>
    </ClCompile>
    <ClCompile Include="CreateNewEntryDlg.cpp">
      <Filter>Source Files</Filter>
    </ClCompile>
    <ClCompile Include="CustomPrint.cpp">
      <Filter>Source Files</Filter>
    </ClCompile>
    <ClCompile Include="EncryptFileDlg.cpp">
      <Filter>Source Files</Filter>
    </ClCompile>
    <ClCompile Include="EnterRegCode.cpp">
      <Filter>Source Files</Filter>
    </ClCompile>
    <ClCompile Include="ExpiredPasswordDlg.cpp">
      <Filter>Source Files</Filter>
    </ClCompile>
    <ClCompile Include="FOX Password Safe.cpp">
      <Filter>Source Files</Filter>
    </ClCompile>
    <ClCompile Include="FOX Password SafeDoc.cpp">
      <Filter>Source Files</Filter>
    </ClCompile>
    <ClCompile Include="FOX Password SafeView.cpp">
      <Filter>Source Files</Filter>
    </ClCompile>
    <ClCompile Include="helpers.cpp">
      <Filter>Source Files</Filter>
    </ClCompile>
    <ClCompile Include="LeftView.cpp">
      <Filter>Source Files</Filter>
    </ClCompile>
    <ClCompile Include="LoadDatabaseDlg.cpp">
      <Filter>Source Files</Filter>
    </ClCompile>
    <ClCompile Include="MainFrm.cpp">
      <Filter>Source Files</Filter>
    </ClCompile>
    <ClCompile Include="MyBmButton.cpp">
      <Filter>Source Files</Filter>
    </ClCompile>
    <ClCompile Include="MyButton.cpp">
      <Filter>Source Files</Filter>
    </ClCompile>
    <ClCompile Include="MyEdit.cpp">
      <Filter>Source Files</Filter>
    </ClCompile>
    <ClCompile Include="MyIconEdit.cpp">
      <Filter>Source Files</Filter>
    </ClCompile>
    <ClCompile Include="MyLockDown.cpp">
      <Filter>Source Files</Filter>
    </ClCompile>
    <ClCompile Include="MyPrintListCtrl.cpp">
      <Filter>Source Files</Filter>
    </ClCompile>
    <ClCompile Include="MySearchEdit.cpp">
      <Filter>Source Files</Filter>
    </ClCompile>
    <ClCompile Include="MySortArray.cpp">
      <Filter>Source Files</Filter>
    </ClCompile>
    <ClCompile Include="MyToolbar.cpp">
      <Filter>Source Files</Filter>
    </ClCompile>
    <ClCompile Include="NagDlg.cpp">
      <Filter>Source Files</Filter>
    </ClCompile>
    <ClCompile Include="NewCategoryDlg.cpp">
      <Filter>Source Files</Filter>
    </ClCompile>
    <ClCompile Include="NewCreditCardEntryDlg.cpp">
      <Filter>Source Files</Filter>
    </ClCompile>
    <ClCompile Include="NewDatabaseDlg.cpp">
      <Filter>Source Files</Filter>
    </ClCompile>
    <ClCompile Include="NewEncryptedFileDlg.cpp">
      <Filter>Source Files</Filter>
    </ClCompile>
    <ClCompile Include="NewPasswordDlg.cpp">
      <Filter>Source Files</Filter>
    </ClCompile>
    <ClCompile Include="OptionsDlg.cpp">
      <Filter>Source Files</Filter>
    </ClCompile>
    <ClCompile Include="PassPopupDlg.cpp">
      <Filter>Source Files</Filter>
    </ClCompile>
    <ClCompile Include="Picture.cpp">
      <Filter>Source Files</Filter>
    </ClCompile>
    <ClCompile Include="PrintSelectDlg.cpp">
      <Filter>Source Files</Filter>
    </ClCompile>
    <ClCompile Include="RestoreDlg.cpp">
      <Filter>Source Files</Filter>
    </ClCompile>
    <ClCompile Include="Crypto\rijndael.cpp">
      <Filter>Source Files</Filter>
    </ClCompile>
    <ClCompile Include="SearchBarWnd.cpp">
      <Filter>Source Files</Filter>
    </ClCompile>
    <ClCompile Include="SelectPrintItemsDlg.cpp">
      <Filter>Source Files</Filter>
    </ClCompile>
    <ClCompile Include="stdafx.cpp">
      <Filter>Source Files</Filter>
    </ClCompile>
    <ClCompile Include="TrayIcon.cpp">
      <Filter>Source Files</Filter>
    </ClCompile>
    <ClCompile Include="UnencryptDlg.cpp">
      <Filter>Source Files</Filter>
    </ClCompile>
    <ClCompile Include="WarningDlg.cpp">
      <Filter>Source Files</Filter>
    </ClCompile>
  </ItemGroup>
  <ItemGroup>
    <ClInclude Include="AskCloseOrHideDlg.h">
      <Filter>Header Files</Filter>
    </ClInclude>
    <ClInclude Include="BackupDlg.h">
      <Filter>Header Files</Filter>
    </ClInclude>
    <ClInclude Include="ChooseNewEntryTypeDlg.h">
      <Filter>Header Files</Filter>
    </ClInclude>
    <ClInclude Include="CreateNewEntryDlg.h">
      <Filter>Header Files</Filter>
    </ClInclude>
    <ClInclude Include="CustomPrint.h">
      <Filter>Header Files</Filter>
    </ClInclude>
    <ClInclude Include="defines.h">
      <Filter>Header Files</Filter>
    </ClInclude>
    <ClInclude Include="EncryptFileDlg.h">
      <Filter>Header Files</Filter>
    </ClInclude>
    <ClInclude Include="EnterRegCode.h">
      <Filter>Header Files</Filter>
    </ClInclude>
    <ClInclude Include="ExpiredPasswordDlg.h">
      <Filter>Header Files</Filter>
    </ClInclude>
    <ClInclude Include="FOX Password Safe.h">
      <Filter>Header Files</Filter>
    </ClInclude>
    <ClInclude Include="FOX Password SafeDoc.h">
      <Filter>Header Files</Filter>
    </ClInclude>
    <ClInclude Include="FOX Password SafeView.h">
      <Filter>Header Files</Filter>
    </ClInclude>
    <ClInclude Include="helpers.h">
      <Filter>Header Files</Filter>
    </ClInclude>
    <ClInclude Include="LeftView.h">
      <Filter>Header Files</Filter>
    </ClInclude>
    <ClInclude Include="LoadDatabaseDlg.h">
      <Filter>Header Files</Filter>
    </ClInclude>
    <ClInclude Include="MainFrm.h">
      <Filter>Header Files</Filter>
    </ClInclude>
    <ClInclude Include="MyBmButton.h">
      <Filter>Header Files</Filter>
    </ClInclude>
    <ClInclude Include="MyButton.h">
      <Filter>Header Files</Filter>
    </ClInclude>
    <ClInclude Include="MyEdit.h">
      <Filter>Header Files</Filter>
    </ClInclude>
    <ClInclude Include="MyIconEdit.h">
      <Filter>Header Files</Filter>
    </ClInclude>
    <ClInclude Include="MyLockDown.h">
      <Filter>Header Files</Filter>
    </ClInclude>
    <ClInclude Include="MyPrintListCtrl.h">
      <Filter>Header Files</Filter>
    </ClInclude>
    <ClInclude Include="MySearchEdit.h">
      <Filter>Header Files</Filter>
    </ClInclude>
    <ClInclude Include="MySortArray.h">
      <Filter>Header Files</Filter>
    </ClInclude>
    <ClInclude Include="MyToolbar.h">
      <Filter>Header Files</Filter>
    </ClInclude>
    <ClInclude Include="NagDlg.h">
      <Filter>Header Files</Filter>
    </ClInclude>
    <ClInclude Include="NewCategoryDlg.h">
      <Filter>Header Files</Filter>
    </ClInclude>
    <ClInclude Include="NewCreditCardEntryDlg.h">
      <Filter>Header Files</Filter>
    </ClInclude>
    <ClInclude Include="NewDatabaseDlg.h">
      <Filter>Header Files</Filter>
    </ClInclude>
    <ClInclude Include="NewEncryptedFileDlg.h">
      <Filter>Header Files</Filter>
    </ClInclude>
    <ClInclude Include="NewPasswordDlg.h">
      <Filter>Header Files</Filter>
    </ClInclude>
    <ClInclude Include="OptionsDlg.h">
      <Filter>Header Files</Filter>
    </ClInclude>
    <ClInclude Include="PassPopupDlg.h">
      <Filter>Header Files</Filter>
    </ClInclude>
    <ClInclude Include="Picture.h">
      <Filter>Header Files</Filter>
    </ClInclude>
    <ClInclude Include="PrintSelectDlg.h">
      <Filter>Header Files</Filter>
    </ClInclude>
    <ClInclude Include="Resource.h">
      <Filter>Header Files</Filter>
    </ClInclude>
    <ClInclude Include="RestoreDlg.h">
      <Filter>Header Files</Filter>
    </ClInclude>
    <ClInclude Include="SearchBarWnd.h">
      <Filter>Header Files</Filter>
    </ClInclude>
    <ClInclude Include="SelectPrintItemsDlg.h">
      <Filter>Header Files</Filter>
    </ClInclude>
    <ClInclude Include="stdafx.h">
      <Filter>Header Files</Filter>
    </ClInclude>
    <ClInclude Include="TrayIcon.h">
      <Filter>Header Files</Filter>
    </ClInclude>
    <ClInclude Include="UnencryptDlg.h">
      <Filter>Header Files</Filter>
    </ClInclude>
    <ClInclude Include="WarningDlg.h">
      <Filter>Header Files</Filter>
    </ClInclude>
  </ItemGroup>
  <ItemGroup>
    <Image Include="res\bitmap1.bmp">
      <Filter>Resource Files</Filter>
    </Image>
    <Image Include="res\bitmap2.bmp">
      <Filter>Resource Files</Filter>
    </Image>
    <Image Include="res\bmp00001.bmp">
      <Filter>Resource Files</Filter>
    </Image>
    <Image Include="res\bmp00002.bmp">
      <Filter>Resource Files</Filter>
    </Image>
    <Image Include="res\bmp00003.bmp">
      <Filter>Resource Files</Filter>
    </Image>
    <Image Include="res\bmp00004.bmp">
      <Filter>Resource Files</Filter>
    </Image>
    <Image Include="res\bmp00005.bmp">
      <Filter>Resource Files</Filter>
    </Image>
    <Image Include="res\bmp00006.bmp">
      <Filter>Resource Files</Filter>
    </Image>
    <Image Include="res\bmp00007.bmp">
      <Filter>Resource Files</Filter>
    </Image>
    <Image Include="res\bmp00008.bmp">
      <Filter>Resource Files</Filter>
    </Image>
    <Image Include="res\bmp00009.bmp">
      <Filter>Resource Files</Filter>
    </Image>
    <Image Include="res\bmp00010.bmp">
      <Filter>Resource Files</Filter>
    </Image>
    <Image Include="res\bmp00011.bmp">
      <Filter>Resource Files</Filter>
    </Image>
    <Image Include="res\bmp00012.bmp">
      <Filter>Resource Files</Filter>
    </Image>
    <Image Include="res\bmp00013.bmp">
      <Filter>Resource Files</Filter>
    </Image>
    <Image Include="res\bmp00014.bmp">
      <Filter>Resource Files</Filter>
    </Image>
    <Image Include="res\bmp00015.bmp">
      <Filter>Resource Files</Filter>
    </Image>
    <Image Include="res\bmp00016.bmp">
      <Filter>Resource Files</Filter>
    </Image>
    <Image Include="res\bmp00017.bmp">
      <Filter>Resource Files</Filter>
    </Image>
    <Image Include="res\bmp00018.bmp">
      <Filter>Resource Files</Filter>
    </Image>
    <Image Include="res\bmp00019.bmp">
      <Filter>Resource Files</Filter>
    </Image>
    <Image Include="res\bmp00020.bmp">
      <Filter>Resource Files</Filter>
    </Image>
    <Image Include="res\bmp00021.bmp">
      <Filter>Resource Files</Filter>
    </Image>
    <Image Include="res\bmp00022.bmp">
      <Filter>Resource Files</Filter>
    </Image>
    <Image Include="res\bmp00023.bmp">
      <Filter>Resource Files</Filter>
    </Image>
    <Image Include="res\bmp00024.bmp">
      <Filter>Resource Files</Filter>
    </Image>
    <Image Include="res\bmp00025.bmp">
      <Filter>Resource Files</Filter>
    </Image>
    <Image Include="res\bmp00026.bmp">
      <Filter>Resource Files</Filter>
    </Image>
    <Image Include="res\bmp00027.bmp">
      <Filter>Resource Files</Filter>
    </Image>
    <Image Include="res\bmp00028.bmp">
      <Filter>Resource Files</Filter>
    </Image>
    <Image Include="res\bmp00029.bmp">
      <Filter>Resource Files</Filter>
    </Image>
    <Image Include="res\bmp00030.bmp">
      <Filter>Resource Files</Filter>
    </Image>
    <Image Include="res\bmp00031.bmp">
      <Filter>Resource Files</Filter>
    </Image>
    <Image Include="res\bmp00032.bmp">
      <Filter>Resource Files</Filter>
    </Image>
    <Image Include="res\bmp00033.bmp">
      <Filter>Resource Files</Filter>
    </Image>
    <Image Include="res\bmp00034.bmp">
      <Filter>Resource Files</Filter>
    </Image>
    <Image Include="res\bmp00035.bmp">
      <Filter>Resource Files</Filter>
    </Image>
    <Image Include="res\bmp00036.bmp">
      <Filter>Resource Files</Filter>
    </Image>
    <Image Include="res\bmp00037.bmp">
      <Filter>Resource Files</Filter>
    </Image>
    <Image Include="res\bmp00038.bmp">
      <Filter>Resource Files</Filter>
    </Image>
    <Image Include="res\bmp00039.bmp">
      <Filter>Resource Files</Filter>
    </Image>
    <Image Include="res\bmp00040.bmp">
      <Filter>Resource Files</Filter>
    </Image>
    <Image Include="res\bmp00041.bmp">
      <Filter>Resource Files</Filter>
    </Image>
    <Image Include="res\bmp00042.bmp">
      <Filter>Resource Files</Filter>
    </Image>
    <Image Include="res\bmp00043.bmp">
      <Filter>Resource Files</Filter>
    </Image>
    <Image Include="res\bmp00044.bmp">
      <Filter>Resource Files</Filter>
    </Image>
    <Image Include="res\bmp00045.bmp">
      <Filter>Resource Files</Filter>
    </Image>
    <Image Include="res\clipdown.bmp">
      <Filter>Resource Files</Filter>
    </Image>
    <Image Include="res\clipup.bmp">
      <Filter>Resource Files</Filter>
    </Image>
    <Image Include="res\file_loa.bmp">
      <Filter>Resource Files</Filter>
    </Image>
    <Image Include="res\FOX Password Safe.ico">
      <Filter>Resource Files</Filter>
    </Image>
    <Image Include="res\FOX Password SafeDoc.ico">
      <Filter>Resource Files</Filter>
    </Image>
    <Image Include="res\globedown.bmp">
      <Filter>Resource Files</Filter>
    </Image>
    <Image Include="res\globeup.bmp">
      <Filter>Resource Files</Filter>
    </Image>
    <Image Include="res\ico00001.ico">
      <Filter>Resource Files</Filter>
    </Image>
    <Image Include="res\ico00002.ico">
      <Filter>Resource Files</Filter>
    </Image>
    <Image Include="res\ico00003.ico">
      <Filter>Resource Files</Filter>
    </Image>
    <Image Include="res\icon1.ico">
      <Filter>Resource Files</Filter>
    </Image>
    <Image Include="res\icon10.ico">
      <Filter>Resource Files</Filter>
    </Image>
    <Image Include="res\icon11.ico">
      <Filter>Resource Files</Filter>
    </Image>
    <Image Include="res\icon12.ico">
      <Filter>Resource Files</Filter>
    </Image>
    <Image Include="res\icon13.ico">
      <Filter>Resource Files</Filter>
    </Image>
    <Image Include="res\icon14.ico">
      <Filter>Resource Files</Filter>
    </Image>
    <Image Include="res\icon15.ico">
      <Filter>Resource Files</Filter>
    </Image>
    <Image Include="res\icon2.ico">
      <Filter>Resource Files</Filter>
    </Image>
    <Image Include="res\icon3.ico">
      <Filter>Resource Files</Filter>
    </Image>
    <Image Include="res\icon4.ico">
      <Filter>Resource Files</Filter>
    </Image>
    <Image Include="res\icon5.ico">
      <Filter>Resource Files</Filter>
    </Image>
    <Image Include="res\icon6.ico">
      <Filter>Resource Files</Filter>
    </Image>
    <Image Include="res\icon7.ico">
      <Filter>Resource Files</Filter>
    </Image>
    <Image Include="res\icon8.ico">
      <Filter>Resource Files</Filter>
    </Image>
    <Image Include="res\icon9.ico">
      <Filter>Resource Files</Filter>
    </Image>
    <Image Include="res\icon_enc_file.bmp">
      <Filter>Resource Files</Filter>
    </Image>
    <Image Include="res\imagelist1.bmp">
      <Filter>Resource Files</Filter>
    </Image>
    <Image Include="res\logo1.bmp">
      <Filter>Resource Files</Filter>
    </Image>
    <Image Include="res\questiondown.bmp">
      <Filter>Resource Files</Filter>
    </Image>
    <Image Include="res\questionup.bmp">
      <Filter>Resource Files</Filter>
    </Image>
    <Image Include="res\Toolbar.bmp">
      <Filter>Resource Files</Filter>
    </Image>
    <Image Include="res\toolbar1.bmp">
      <Filter>Resource Files</Filter>
    </Image>
  </ItemGroup>
  <ItemGroup>
    <None Include="res\cursor1.cur">
      <Filter>Resource Files</Filter>
    </None>
    <None Include="res\Dragmove.cur">
      <Filter>Resource Files</Filter>
    </None>
    <None Include="res\FOX Password Safe.rc2">
      <Filter>Resource Files</Filter>
    </None>
    <None Include="res\gif1.bin">
      <Filter>Resource Files</Filter>
    </None>
  </ItemGroup>
  <ItemGroup>
    <ResourceCompile Include="FOX Password Safe.rc">
      <Filter>Resource Files</Filter>
    </ResourceCompile>
  </ItemGroup>
  <ItemGroup>
    <Text Include="EntryXMLSchema.txt" />
    <Text Include="old code.txt" />
    <Text Include="ReadMe.txt" />
    <Text Include="registry settings.txt" />
    <Text Include="todo.txt" />
  </ItemGroup>
  <ItemGroup>
    <CustomBuild Include="res\FOX Password Safe.manifest" />
  </ItemGroup>
</Project>